
Microsoft Visual Studio Solution File, Format Version 12.00
# Visual Studio Version 17
VisualStudioVersion = 17.0.31903.59
MinimumVisualStudioVersion = 10.0.40219.1
Project("{2150E333-8FDC-42A3-9474-1A3956D46DE8}") = "src", "src", "{827E0CD3-B72D-47B6-A68D-7590B98EB39B}"
EndProject
Project("{FAE04EC0-301F-11D3-BF4B-00C04F79EFBC}") = "PocketFrame.App", "src\PocketFrame.App\PocketFrame.App.csproj", "{EE758326-AB76-434C-8A46-BF0540387DE7}"
EndProject
Project("{FAE04EC0-301F-11D3-BF4B-00C04F79EFBC}") = "PocketFrame.Automation", "src\PocketFrame.Automation\PocketFrame.Automation.csproj", "{4F1B0351-14C9-44DB-AF69-A38C7D37E8F4}"
EndProject
Project("{FAE04EC0-301F-11D3-BF4B-00C04F79EFBC}") = "PocketFrame.Mcp", "src\PocketFrame.Mcp\PocketFrame.Mcp.csproj", "{08B6237E-A6D4-422F-8599-F6C6DF6E2682}"
EndProject
Project("{FAE04EC0-301F-11D3-BF4B-00C04F79EFBC}") = "PocketFrame.Scenarios", "src\PocketFrame.Scenarios\PocketFrame.Scenarios.csproj", "{36070429-3A2C-4D6A-AEE7-A9EE64D141EA}"
EndProject
Project("{FAE04EC0-301F-11D3-BF4B-00C04F79EFBC}") = "PocketFrame.Cli", "src\PocketFrame.Cli\PocketFrame.Cli.csproj", "{356108F8-8816-4B4D-B787-6A2FE947D838}"
EndProject
Project("{FAE04EC0-301F-11D3-BF4B-00C04F79EFBC}") = "PocketFrame.Reports", "src\PocketFrame.Reports\PocketFrame.Reports.csproj", "{2395568F-85C6-44DA-9142-52D3A2B929D3}"
EndProject
Project("{FAE04EC0-301F-11D3-BF4B-00C04F79EFBC}") = "PocketFrame.DeviceProfiles", "src\PocketFrame.DeviceProfiles\PocketFrame.DeviceProfiles.csproj", "{835B58A6-B848-4352-BDB0-7AFDB5463D3E}"
EndProject
Project("{FAE04EC0-301F-11D3-BF4B-00C04F79EFBC}") = "PocketFrame.Runner", "src\PocketFrame.Runner\PocketFrame.Runner.csproj", "{DFFE2401-179E-4882-805C-16C7D28B2AC6}"
EndProject
Project("{2150E333-8FDC-42A3-9474-1A3956D46DE8}") = "tests", "tests", "{0AB3BF05-4346-4AA6-1389-037BE0695223}"
EndProject
Project("{FAE04EC0-301F-11D3-BF4B-00C04F79EFBC}") = "PocketFrame.DeviceProfiles.Tests", "tests\PocketFrame.DeviceProfiles.Tests\PocketFrame.DeviceProfiles.Tests.csproj", "{0D97A076-35DF-4A53-BBC2-524BB3EBBC20}"
EndProject
Project("{FAE04EC0-301F-11D3-BF4B-00C04F79EFBC}") = "PocketFrame.Scenarios.Tests", "tests\PocketFrame.Scenarios.Tests\PocketFrame.Scenarios.Tests.csproj", "{858144FE-F95B-4668-B741-716B5ABC7455}"
EndProject
Project("{FAE04EC0-301F-11D3-BF4B-00C04F79EFBC}") = "PocketFrame.Reports.Tests", "tests\PocketFrame.Reports.Tests\PocketFrame.Reports.Tests.csproj", "{58776FB1-5469-42D4-B94A-C3AF1A67F8C2}"
EndProject
Project("{FAE04EC0-301F-11D3-BF4B-00C04F79EFBC}") = "PocketFrame.Automation.Tests", "tests\PocketFrame.Automation.Tests\PocketFrame.Automation.Tests.csproj", "{8B191763-C1D8-4EF8-B9B5-9CD5BA7FE891}"
EndProject
Project("{FAE04EC0-301F-11D3-BF4B-00C04F79EFBC}") = "PocketFrame.App.Tests", "tests\PocketFrame.App.Tests\PocketFrame.App.Tests.csproj", "{51C2B223-3B93-4ECD-A14E-E190F77AEFAC}"
EndProject
Project("{FAE04EC0-301F-11D3-BF4B-00C04F79EFBC}") = "PocketFrame.Runner.Tests", "tests\PocketFrame.Runner.Tests\PocketFrame.Runner.Tests.csproj", "{4594A841-5572-4ED3-937F-EA50E0CEE18B}"
EndProject
Global
	GlobalSection(SolutionConfigurationPlatforms) = preSolution
		Debug|Any CPU = Debug|Any CPU
		Debug|x64 = Debug|x64
		Debug|x86 = Debug|x86
		Release|Any CPU = Release|Any CPU
		Release|x64 = Release|x64
		Release|x86 = Release|x86
	EndGlobalSection
	GlobalSection(ProjectConfigurationPlatforms) = postSolution
		{EE758326-AB76-434C-8A46-BF0540387DE7}.Debug|Any CPU.ActiveCfg = Debug|Any CPU
		{EE758326-AB76-434C-8A46-BF0540387DE7}.Debug|Any CPU.Build.0 = Debug|Any CPU
		{EE758326-AB76-434C-8A46-BF0540387DE7}.Debug|x64.ActiveCfg = Debug|Any CPU
		{EE758326-AB76-434C-8A46-BF0540387DE7}.Debug|x64.Build.0 = Debug|Any CPU
		{EE758326-AB76-434C-8A46-BF0540387DE7}.Debug|x86.ActiveCfg = Debug|Any CPU
		{EE758326-AB76-434C-8A46-BF0540387DE7}.Debug|x86.Build.0 = Debug|Any CPU
		{EE758326-AB76-434C-8A46-BF0540387DE7}.Release|Any CPU.ActiveCfg = Release|Any CPU
		{EE758326-AB76-434C-8A46-BF0540387DE7}.Release|Any CPU.Build.0 = Release|Any CPU
		{EE758326-AB76-434C-8A46-BF0540387DE7}.Release|x64.ActiveCfg = Release|Any CPU
		{EE758326-AB76-434C-8A46-BF0540387DE7}.Release|x64.Build.0 = Release|Any CPU
		{EE758326-AB76-434C-8A46-BF0540387DE7}.Release|x86.ActiveCfg = Release|Any CPU
		{EE758326-AB76-434C-8A46-BF0540387DE7}.Release|x86.Build.0 = Release|Any CPU
		{4F1B0351-14C9-44DB-AF69-A38C7D37E8F4}.Debug|Any CPU.ActiveCfg = Debug|Any CPU
		{4F1B0351-14C9-44DB-AF69-A38C7D37E8F4}.Debug|Any CPU.Build.0 = Debug|Any CPU
		{4F1B0351-14C9-44DB-AF69-A38C7D37E8F4}.Debug|x64.ActiveCfg = Debug|Any CPU
		{4F1B0351-14C9-44DB-AF69-A38C7D37E8F4}.Debug|x64.Build.0 = Debug|Any CPU
		{4F1B0351-14C9-44DB-AF69-A38C7D37E8F4}.Debug|x86.ActiveCfg = Debug|Any CPU
		{4F1B0351-14C9-44DB-AF69-A38C7D37E8F4}.Debug|x86.Build.0 = Debug|Any CPU
		{4F1B0351-14C9-44DB-AF69-A38C7D37E8F4}.Release|Any CPU.ActiveCfg = Release|Any CPU
		{4F1B0351-14C9-44DB-AF69-A38C7D37E8F4}.Release|Any CPU.Build.0 = Release|Any CPU
		{4F1B0351-14C9-44DB-AF69-A38C7D37E8F4}.Release|x64.ActiveCfg = Release|Any CPU
		{4F1B0351-14C9-44DB-AF69-A38C7D37E8F4}.Release|x64.Build.0 = Release|Any CPU
		{4F1B0351-14C9-44DB-AF69-A38C7D37E8F4}.Release|x86.ActiveCfg = Release|Any CPU
		{4F1B0351-14C9-44DB-AF69-A38C7D37E8F4}.Release|x86.Build.0 = Release|Any CPU
		{08B6237E-A6D4-422F-8599-F6C6DF6E2682}.Debug|Any CPU.ActiveCfg = Debug|Any CPU
		{08B6237E-A6D4-422F-8599-F6C6DF6E2682}.Debug|Any CPU.Build.0 = Debug|Any CPU
		{08B6237E-A6D4-422F-8599-F6C6DF6E2682}.Debug|x64.ActiveCfg = Debug|Any CPU
		{08B6237E-A6D4-422F-8599-F6C6DF6E2682}.Debug|x64.Build.0 = Debug|Any CPU
		{08B6237E-A6D4-422F-8599-F6C6DF6E2682}.Debug|x86.ActiveCfg = Debug|Any CPU
		{08B6237E-A6D4-422F-8599-F6C6DF6E2682}.Debug|x86.Build.0 = Debug|Any CPU
		{08B6237E-A6D4-422F-8599-F6C6DF6E2682}.Release|Any CPU.ActiveCfg = Release|Any CPU
		{08B6237E-A6D4-422F-8599-F6C6DF6E2682}.Release|Any CPU.Build.0 = Release|Any CPU
		{08B6237E-A6D4-422F-8599-F6C6DF6E2682}.Release|x64.ActiveCfg = Release|Any CPU
		{08B6237E-A6D4-422F-8599-F6C6DF6E2682}.Release|x64.Build.0 = Release|Any CPU
		{08B6237E-A6D4-422F-8599-F6C6DF6E2682}.Release|x86.ActiveCfg = Release|Any CPU
		{08B6237E-A6D4-422F-8599-F6C6DF6E2682}.Release|x86.Build.0 = Release|Any CPU
		{36070429-3A2C-4D6A-AEE7-A9EE64D141EA}.Debug|Any CPU.ActiveCfg = Debug|Any CPU
		{36070429-3A2C-4D6A-AEE7-A9EE64D141EA}.Debug|Any CPU.Build.0 = Debug|Any CPU
		{36070429-3A2C-4D6A-AEE7-A9EE64D141EA}.Debug|x64.ActiveCfg = Debug|Any CPU
		{36070429-3A2C-4D6A-AEE7-A9EE64D141EA}.Debug|x64.Build.0 = Debug|Any CPU
		{36070429-3A2C-4D6A-AEE7-A9EE64D141EA}.Debug|x86.ActiveCfg = Debug|Any CPU
		{36070429-3A2C-4D6A-AEE7-A9EE64D141EA}.Debug|x86.Build.0 = Debug|Any CPU
		{36070429-3A2C-4D6A-AEE7-A9EE64D141EA}.Release|Any CPU.ActiveCfg = Release|Any CPU
		{36070429-3A2C-4D6A-AEE7-A9EE64D141EA}.Release|Any CPU.Build.0 = Release|Any CPU
		{36070429-3A2C-4D6A-AEE7-A9EE64D141EA}.Release|x64.ActiveCfg = Release|Any CPU
		{36070429-3A2C-4D6A-AEE7-A9EE64D141EA}.Release|x64.Build.0 = Release|Any CPU
		{36070429-3A2C-4D6A-AEE7-A9EE64D141EA}.Release|x86.ActiveCfg = Release|Any CPU
		{36070429-3A2C-4D6A-AEE7-A9EE64D141EA}.Release|x86.Build.0 = Release|Any CPU
		{356108F8-8816-4B4D-B787-6A2FE947D838}.Debug|Any CPU.ActiveCfg = Debug|Any CPU
		{356108F8-8816-4B4D-B787-6A2FE947D838}.Debug|Any CPU.Build.0 = Debug|Any CPU
		{356108F8-8816-4B4D-B787-6A2FE947D838}.Debug|x64.ActiveCfg = Debug|Any CPU
		{356108F8-8816-4B4D-B787-6A2FE947D838}.Debug|x64.Build.0 = Debug|Any CPU
		{356108F8-8816-4B4D-B787-6A2FE947D838}.Debug|x86.ActiveCfg = Debug|Any CPU
		{356108F8-8816-4B4D-B787-6A2FE947D838}.Debug|x86.Build.0 = Debug|Any CPU
		{356108F8-8816-4B4D-B787-6A2FE947D838}.Release|Any CPU.ActiveCfg = Release|Any CPU
		{356108F8-8816-4B4D-B787-6A2FE947D838}.Release|Any CPU.Build.0 = Release|Any CPU
		{356108F8-8816-4B4D-B787-6A2FE947D838}.Release|x64.ActiveCfg = Release|Any CPU
		{356108F8-8816-4B4D-B787-6A2FE947D838}.Release|x64.Build.0 = Release|Any CPU
		{356108F8-8816-4B4D-B787-6A2FE947D838}.Release|x86.ActiveCfg = Release|Any CPU
		{356108F8-8816-4B4D-B787-6A2FE947D838}.Release|x86.Build.0 = Release|Any CPU
		{2395568F-85C6-44DA-9142-52D3A2B929D3}.Debug|Any CPU.ActiveCfg = Debug|Any CPU
		{2395568F-85C6-44DA-9142-52D3A2B929D3}.Debug|Any CPU.Build.0 = Debug|Any CPU
		{2395568F-85C6-44DA-9142-52D3A2B929D3}.Debug|x64.ActiveCfg = Debug|Any CPU
		{2395568F-85C6-44DA-9142-52D3A2B929D3}.Debug|x64.Build.0 = Debug|Any CPU
		{2395568F-85C6-44DA-9142-52D3A2B929D3}.Debug|x86.ActiveCfg = Debug|Any CPU
		{2395568F-85C6-44DA-9142-52D3A2B929D3}.Debug|x86.Build.0 = Debug|Any CPU
		{2395568F-85C6-44DA-9142-52D3A2B929D3}.Release|Any CPU.ActiveCfg = Release|Any CPU
		{2395568F-85C6-44DA-9142-52D3A2B929D3}.Release|Any CPU.Build.0 = Release|Any CPU
		{2395568F-85C6-44DA-9142-52D3A2B929D3}.Release|x64.ActiveCfg = Release|Any CPU
		{2395568F-85C6-44DA-9142-52D3A2B929D3}.Release|x64.Build.0 = Release|Any CPU
		{2395568F-85C6-44DA-9142-52D3A2B929D3}.Release|x86.ActiveCfg = Release|Any CPU
		{2395568F-85C6-44DA-9142-52D3A2B929D3}.Release|x86.Build.0 = Release|Any CPU
		{835B58A6-B848-4352-BDB0-7AFDB5463D3E}.Debug|Any CPU.ActiveCfg = Debug|Any CPU
		{835B58A6-B848-4352-BDB0-7AFDB5463D3E}.Debug|Any CPU.Build.0 = Debug|Any CPU
		{835B58A6-B848-4352-BDB0-7AFDB5463D3E}.Debug|x64.ActiveCfg = Debug|Any CPU
		{835B58A6-B848-4352-BDB0-7AFDB5463D3E}.Debug|x64.Build.0 = Debug|Any CPU
		{835B58A6-B848-4352-BDB0-7AFDB5463D3E}.Debug|x86.ActiveCfg = Debug|Any CPU
		{835B58A6-B848-4352-BDB0-7AFDB5463D3E}.Debug|x86.Build.0 = Debug|Any CPU
		{835B58A6-B848-4352-BDB0-7AFDB5463D3E}.Release|Any CPU.ActiveCfg = Release|Any CPU
		{835B58A6-B848-4352-BDB0-7AFDB5463D3E}.Release|Any CPU.Build.0 = Release|Any CPU
		{835B58A6-B848-4352-BDB0-7AFDB5463D3E}.Release|x64.ActiveCfg = Release|Any CPU
		{835B58A6-B848-4352-BDB0-7AFDB5463D3E}.Release|x64.Build.0 = Release|Any CPU
		{835B58A6-B848-4352-BDB0-7AFDB5463D3E}.Release|x86.ActiveCfg = Release|Any CPU
		{835B58A6-B848-4352-BDB0-7AFDB5463D3E}.Release|x86.Build.0 = Release|Any CPU
		{DFFE2401-179E-4882-805C-16C7D28B2AC6}.Debug|Any CPU.ActiveCfg = Debug|Any CPU
		{DFFE2401-179E-4882-805C-16C7D28B2AC6}.Debug|Any CPU.Build.0 = Debug|Any CPU
		{DFFE2401-179E-4882-805C-16C7D28B2AC6}.Debug|x64.ActiveCfg = Debug|Any CPU
		{DFFE2401-179E-4882-805C-16C7D28B2AC6}.Debug|x64.Build.0 = Debug|Any CPU
		{DFFE2401-179E-4882-805C-16C7D28B2AC6}.Debug|x86.ActiveCfg = Debug|Any CPU
		{DFFE2401-179E-4882-805C-16C7D28B2AC6}.Debug|x86.Build.0 = Debug|Any CPU
		{DFFE2401-179E-4882-805C-16C7D28B2AC6}.Release|Any CPU.ActiveCfg = Release|Any CPU
		{DFFE2401-179E-4882-805C-16C7D28B2AC6}.Release|Any CPU.Build.0 = Release|Any CPU
		{DFFE2401-179E-4882-805C-16C7D28B2AC6}.Release|x64.ActiveCfg = Release|Any CPU
		{DFFE2401-179E-4882-805C-16C7D28B2AC6}.Release|x64.Build.0 = Release|Any CPU
		{DFFE2401-179E-4882-805C-16C7D28B2AC6}.Release|x86.ActiveCfg = Release|Any CPU
		{DFFE2401-179E-4882-805C-16C7D28B2AC6}.Release|x86.Build.0 = Release|Any CPU
		{0D97A076-35DF-4A53-BBC2-524BB3EBBC20}.Debug|Any CPU.ActiveCfg = Debug|Any CPU
		{0D97A076-35DF-4A53-BBC2-524BB3EBBC20}.Debug|Any CPU.Build.0 = Debug|Any CPU
		{0D97A076-35DF-4A53-BBC2-524BB3EBBC20}.Debug|x64.ActiveCfg = Debug|Any CPU
		{0D97A076-35DF-4A53-BBC2-524BB3EBBC20}.Debug|x64.Build.0 = Debug|Any CPU
		{0D97A076-35DF-4A53-BBC2-524BB3EBBC20}.Debug|x86.ActiveCfg = Debug|Any CPU
		{0D97A076-35DF-4A53-BBC2-524BB3EBBC20}.Debug|x86.Build.0 = Debug|Any CPU
		{0D97A076-35DF-4A53-BBC2-524BB3EBBC20}.Release|Any CPU.ActiveCfg = Release|Any CPU
		{0D97A076-35DF-4A53-BBC2-524BB3EBBC20}.Release|Any CPU.Build.0 = Release|Any CPU
		{0D97A076-35DF-4A53-BBC2-524BB3EBBC20}.Release|x64.ActiveCfg = Release|Any CPU
		{0D97A076-35DF-4A53-BBC2-524BB3EBBC20}.Release|x64.Build.0 = Release|Any CPU
		{0D97A076-35DF-4A53-BBC2-524BB3EBBC20}.Release|x86.ActiveCfg = Release|Any CPU
		{0D97A076-35DF-4A53-BBC2-524BB3EBBC20}.Release|x86.Build.0 = Release|Any CPU
		{858144FE-F95B-4668-B741-716B5ABC7455}.Debug|Any CPU.ActiveCfg = Debug|Any CPU
		{858144FE-F95B-4668-B741-716B5ABC7455}.Debug|Any CPU.Build.0 = Debug|Any CPU
		{858144FE-F95B-4668-B741-716B5ABC7455}.Debug|x64.ActiveCfg = Debug|Any CPU
		{858144FE-F95B-4668-B741-716B5ABC7455}.Debug|x64.Build.0 = Debug|Any CPU
		{858144FE-F95B-4668-B741-716B5ABC7455}.Debug|x86.ActiveCfg = Debug|Any CPU
		{858144FE-F95B-4668-B741-716B5ABC7455}.Debug|x86.Build.0 = Debug|Any CPU
		{858144FE-F95B-4668-B741-716B5ABC7455}.Release|Any CPU.ActiveCfg = Release|Any CPU
		{858144FE-F95B-4668-B741-716B5ABC7455}.Release|Any CPU.Build.0 = Release|Any CPU
		{858144FE-F95B-4668-B741-716B5ABC7455}.Release|x64.ActiveCfg = Release|Any CPU
		{858144FE-F95B-4668-B741-716B5ABC7455}.Release|x64.Build.0 = Release|Any CPU
		{858144FE-F95B-4668-B741-716B5ABC7455}.Release|x86.ActiveCfg = Release|Any CPU
		{858144FE-F95B-4668-B741-716B5ABC7455}.Release|x86.Build.0 = Release|Any CPU
		{58776FB1-5469-42D4-B94A-C3AF1A67F8C2}.Debug|Any CPU.ActiveCfg = Debug|Any CPU
		{58776FB1-5469-42D4-B94A-C3AF1A67F8C2}.Debug|Any CPU.Build.0 = Debug|Any CPU
		{58776FB1-5469-42D4-B94A-C3AF1A67F8C2}.Debug|x64.ActiveCfg = Debug|Any CPU
		{58776FB1-5469-42D4-B94A-C3AF1A67F8C2}.Debug|x64.Build.0 = Debug|Any CPU
		{58776FB1-5469-42D4-B94A-C3AF1A67F8C2}.Debug|x86.ActiveCfg = Debug|Any CPU
		{58776FB1-5469-42D4-B94A-C3AF1A67F8C2}.Debug|x86.Build.0 = Debug|Any CPU
		{58776FB1-5469-42D4-B94A-C3AF1A67F8C2}.Release|Any CPU.ActiveCfg = Release|Any CPU
		{58776FB1-5469-42D4-B94A-C3AF1A67F8C2}.Release|Any CPU.Build.0 = Release|Any CPU
		{58776FB1-5469-42D4-B94A-C3AF1A67F8C2}.Release|x64.ActiveCfg = Release|Any CPU
		{58776FB1-5469-42D4-B94A-C3AF1A67F8C2}.Release|x64.Build.0 = Release|Any CPU
		{58776FB1-5469-42D4-B94A-C3AF1A67F8C2}.Release|x86.ActiveCfg = Release|Any CPU
		{58776FB1-5469-42D4-B94A-C3AF1A67F8C2}.Release|x86.Build.0 = Release|Any CPU
		{8B191763-C1D8-4EF8-B9B5-9CD5BA7FE891}.Debug|Any CPU.ActiveCfg = Debug|Any CPU
		{8B191763-C1D8-4EF8-B9B5-9CD5BA7FE891}.Debug|Any CPU.Build.0 = Debug|Any CPU
		{8B191763-C1D8-4EF8-B9B5-9CD5BA7FE891}.Debug|x64.ActiveCfg = Debug|Any CPU
		{8B191763-C1D8-4EF8-B9B5-9CD5BA7FE891}.Debug|x64.Build.0 = Debug|Any CPU
		{8B191763-C1D8-4EF8-B9B5-9CD5BA7FE891}.Debug|x86.ActiveCfg = Debug|Any CPU
		{8B191763-C1D8-4EF8-B9B5-9CD5BA7FE891}.Debug|x86.Build.0 = Debug|Any CPU
		{8B191763-C1D8-4EF8-B9B5-9CD5BA7FE891}.Release|Any CPU.ActiveCfg = Release|Any CPU
		{8B191763-C1D8-4EF8-B9B5-9CD5BA7FE891}.Release|Any CPU.Build.0 = Release|Any CPU
		{8B191763-C1D8-4EF8-B9B5-9CD5BA7FE891}.Release|x64.ActiveCfg = Release|Any CPU
		{8B191763-C1D8-4EF8-B9B5-9CD5BA7FE891}.Release|x64.Build.0 = Release|Any CPU
		{8B191763-C1D8-4EF8-B9B5-9CD5BA7FE891}.Release|x86.ActiveCfg = Release|Any CPU
		{8B191763-C1D8-4EF8-B9B5-9CD5BA7FE891}.Release|x86.Build.0 = Release|Any CPU
		{51C2B223-3B93-4ECD-A14E-E190F77AEFAC}.Debug|Any CPU.ActiveCfg = Debug|Any CPU
		{51C2B223-3B93-4ECD-A14E-E190F77AEFAC}.Debug|Any CPU.Build.0 = Debug|Any CPU
		{51C2B223-3B93-4ECD-A14E-E190F77AEFAC}.Debug|x64.ActiveCfg = Debug|Any CPU
		{51C2B223-3B93-4ECD-A14E-E190F77AEFAC}.Debug|x64.Build.0 = Debug|Any CPU
		{51C2B223-3B93-4ECD-A14E-E190F77AEFAC}.Debug|x86.ActiveCfg = Debug|Any CPU
		{51C2B223-3B93-4ECD-A14E-E190F77AEFAC}.Debug|x86.Build.0 = Debug|Any CPU
		{51C2B223-3B93-4ECD-A14E-E190F77AEFAC}.Release|Any CPU.ActiveCfg = Release|Any CPU
		{51C2B223-3B93-4ECD-A14E-E190F77AEFAC}.Release|Any CPU.Build.0 = Release|Any CPU
		{51C2B223-3B93-4ECD-A14E-E190F77AEFAC}.Release|x64.ActiveCfg = Release|Any CPU
		{51C2B223-3B93-4ECD-A14E-E190F77AEFAC}.Release|x64.Build.0 = Release|Any CPU
		{51C2B223-3B93-4ECD-A14E-E190F77AEFAC}.Release|x86.ActiveCfg = Release|Any CPU
		{51C2B223-3B93-4ECD-A14E-E190F77AEFAC}.Release|x86.Build.0 = Release|Any CPU
		{4594A841-5572-4ED3-937F-EA50E0CEE18B}.Debug|Any CPU.ActiveCfg = Debug|Any CPU
		{4594A841-5572-4ED3-937F-EA50E0CEE18B}.Debug|Any CPU.Build.0 = Debug|Any CPU
		{4594A841-5572-4ED3-937F-EA50E0CEE18B}.Debug|x64.ActiveCfg = Debug|Any CPU
		{4594A841-5572-4ED3-937F-EA50E0CEE18B}.Debug|x64.Build.0 = Debug|Any CPU
		{4594A841-5572-4ED3-937F-EA50E0CEE18B}.Debug|x86.ActiveCfg = Debug|Any CPU
		{4594A841-5572-4ED3-937F-EA50E0CEE18B}.Debug|x86.Build.0 = Debug|Any CPU
		{4594A841-5572-4ED3-937F-EA50E0CEE18B}.Release|Any CPU.ActiveCfg = Release|Any CPU
		{4594A841-5572-4ED3-937F-EA50E0CEE18B}.Release|Any CPU.Build.0 = Release|Any CPU
		{4594A841-5572-4ED3-937F-EA50E0CEE18B}.Release|x64.ActiveCfg = Release|Any CPU
		{4594A841-5572-4ED3-937F-EA50E0CEE18B}.Release|x64.Build.0 = Release|Any CPU
		{4594A841-5572-4ED3-937F-EA50E0CEE18B}.Release|x86.ActiveCfg = Release|Any CPU
		{4594A841-5572-4ED3-937F-EA50E0CEE18B}.Release|x86.Build.0 = Release|Any CPU
	EndGlobalSection
	GlobalSection(SolutionProperties) = preSolution
		HideSolutionNode = FALSE
	EndGlobalSection
	GlobalSection(NestedProjects) = preSolution
		{EE758326-AB76-434C-8A46-BF0540387DE7} = {827E0CD3-B72D-47B6-A68D-7590B98EB39B}
		{4F1B0351-14C9-44DB-AF69-A38C7D37E8F4} = {827E0CD3-B72D-47B6-A68D-7590B98EB39B}
		{08B6237E-A6D4-422F-8599-F6C6DF6E2682} = {827E0CD3-B72D-47B6-A68D-7590B98EB39B}
		{36070429-3A2C-4D6A-AEE7-A9EE64D141EA} = {827E0CD3-B72D-47B6-A68D-7590B98EB39B}
		{356108F8-8816-4B4D-B787-6A2FE947D838} = {827E0CD3-B72D-47B6-A68D-7590B98EB39B}
		{2395568F-85C6-44DA-9142-52D3A2B929D3} = {827E0CD3-B72D-47B6-A68D-7590B98EB39B}
		{835B58A6-B848-4352-BDB0-7AFDB5463D3E} = {827E0CD3-B72D-47B6-A68D-7590B98EB39B}
		{DFFE2401-179E-4882-805C-16C7D28B2AC6} = {827E0CD3-B72D-47B6-A68D-7590B98EB39B}
		{0D97A076-35DF-4A53-BBC2-524BB3EBBC20} = {0AB3BF05-4346-4AA6-1389-037BE0695223}
		{858144FE-F95B-4668-B741-716B5ABC7455} = {0AB3BF05-4346-4AA6-1389-037BE0695223}
		{58776FB1-5469-42D4-B94A-C3AF1A67F8C2} = {0AB3BF05-4346-4AA6-1389-037BE0695223}
		{8B191763-C1D8-4EF8-B9B5-9CD5BA7FE891} = {0AB3BF05-4346-4AA6-1389-037BE0695223}
		{51C2B223-3B93-4ECD-A14E-E190F77AEFAC} = {0AB3BF05-4346-4AA6-1389-037BE0695223}
		{4594A841-5572-4ED3-937F-EA50E0CEE18B} = {0AB3BF05-4346-4AA6-1389-037BE0695223}
	EndGlobalSection
EndGlobal
